// !$*UTF8*$!
{
	archiveVersion = 1;
	classes = {
	};
	objectVersion = 50;
	objects = {

/* Begin PBXBuildFile section */
		CE1C9DFF22052DF1001BC29D /* quadtree.cpp in Sources */ = {isa = PBXBuildFile; fileRef = CE1C9DFD22052DF0001BC29D /* quadtree.cpp */; };
		CE239DD02206778D00986130 /* ROAM.cpp in Sources */ = {isa = PBXBuildFile; fileRef = CE239DCE2206778D00986130 /* ROAM.cpp */; };
		CE239DD722071BF200986130 /* water.cpp in Sources */ = {isa = PBXBuildFile; fileRef = CE239DD522071BF200986130 /* water.cpp */; };
		CE239DDA2207263F00986130 /* skybox.cpp in Sources */ = {isa = PBXBuildFile; fileRef = CE239DD82207263E00986130 /* skybox.cpp */; };
		CE239DE72207335C00986130 /* camera.cpp in Sources */ = {isa = PBXBuildFile; fileRef = CE239DE12207335B00986130 /* camera.cpp */; };
		CE239DE82207335C00986130 /* image.cpp in Sources */ = {isa = PBXBuildFile; fileRef = CE239DE32207335C00986130 /* image.cpp */; };
		CE239DE92207335C00986130 /* math_ops.cpp in Sources */ = {isa = PBXBuildFile; fileRef = CE239DE52207335C00986130 /* math_ops.cpp */; };
		CE239DEC2207345100986130 /* skydome.cpp in Sources */ = {isa = PBXBuildFile; fileRef = CE239DEB2207345100986130 /* skydome.cpp */; };
		CE239E1B2208B79500986130 /* particle.cpp in Sources */ = {isa = PBXBuildFile; fileRef = CE239E1A2208B79400986130 /* particle.cpp */; };
		CE239E1D2208C40D00986130 /* main.cpp in Sources */ = {isa = PBXBuildFile; fileRef = CE239E1C2208C40D00986130 /* main.cpp */; };
		CEB99E5B21F14F37008AF8CB /* GLUT.framework in Frameworks */ = {isa = PBXBuildFile; fileRef = CEB99E5A21F14F37008AF8CB /* GLUT.framework */; };
		CEB99E5D21F14F3E008AF8CB /* OpenGL.framework in Frameworks */ = {isa = PBXBuildFile; fileRef = CEB99E5C21F14F3D008AF8CB /* OpenGL.framework */; };
		CEB99E7021F3A38B008AF8CB /* terrain.cpp in Sources */ = {isa = PBXBuildFile; fileRef = CEB99E6D21F3A38B008AF8CB /* terrain.cpp */; };
		CEB99E7121F3A38B008AF8CB /* brute_force.cpp in Sources */ = {isa = PBXBuildFile; fileRef = CEB99E6E21F3A38B008AF8CB /* brute_force.cpp */; };
/* End PBXBuildFile section */

/* Begin PBXCopyFilesBuildPhase section */
		CEB99E4D21F133D0008AF8CB /* CopyFiles */ = {
			isa = PBXCopyFilesBuildPhase;
			buildActionMask = 2147483647;
			dstPath = /usr/share/man/man1/;
			dstSubfolderSpec = 0;
			files = (
			);
			runOnlyForDeploymentPostprocessing = 1;
		};
/* End PBXCopyFilesBuildPhase section */

/* Begin PBXFileReference section */
		CE1C9DFD22052DF0001BC29D /* quadtree.cpp */ = {isa = PBXFileReference; fileEncoding = 4; lastKnownFileType = sourcecode.cpp.cpp; path = quadtree.cpp; sourceTree = "<group>"; };
		CE1C9DFE22052DF0001BC29D /* quadtree.h */ = {isa = PBXFileReference; fileEncoding = 4; lastKnownFileType = sourcecode.c.h; path = quadtree.h; sourceTree = "<group>"; };
		CE239DCE2206778D00986130 /* ROAM.cpp */ = {isa = PBXFileReference; fileEncoding = 4; lastKnownFileType = sourcecode.cpp.cpp; path = ROAM.cpp; sourceTree = "<group>"; };
		CE239DD12206936D00986130 /* ROAM.h */ = {isa = PBXFileReference; lastKnownFileType = sourcecode.c.h; path = ROAM.h; sourceTree = "<group>"; };
		CE239DD522071BF200986130 /* water.cpp */ = {isa = PBXFileReference; fileEncoding = 4; lastKnownFileType = sourcecode.cpp.cpp; path = water.cpp; sourceTree = "<group>"; };
		CE239DD622071BF200986130 /* water.h */ = {isa = PBXFileReference; fileEncoding = 4; lastKnownFileType = sourcecode.c.h; path = water.h; sourceTree = "<group>"; };
		CE239DD82207263E00986130 /* skybox.cpp */ = {isa = PBXFileReference; fileEncoding = 4; lastKnownFileType = sourcecode.cpp.cpp; path = skybox.cpp; sourceTree = "<group>"; };
		CE239DD92207263F00986130 /* skybox.h */ = {isa = PBXFileReference; fileEncoding = 4; lastKnownFileType = sourcecode.c.h; path = skybox.h; sourceTree = "<group>"; };
		CE239DE12207335B00986130 /* camera.cpp */ = {isa = PBXFileReference; fileEncoding = 4; lastKnownFileType = sourcecode.cpp.cpp; path = camera.cpp; sourceTree = "<group>"; };
		CE239DE22207335C00986130 /* camera.h */ = {isa = PBXFileReference; fileEncoding = 4; lastKnownFileType = sourcecode.c.h; path = camera.h; sourceTree = "<group>"; };
		CE239DE32207335C00986130 /* image.cpp */ = {isa = PBXFileReference; fileEncoding = 4; lastKnownFileType = sourcecode.cpp.cpp; path = image.cpp; sourceTree = "<group>"; };
		CE239DE42207335C00986130 /* math_ops.h */ = {isa = PBXFileReference; fileEncoding = 4; lastKnownFileType = sourcecode.c.h; path = math_ops.h; sourceTree = "<group>"; };
		CE239DE52207335C00986130 /* math_ops.cpp */ = {isa = PBXFileReference; fileEncoding = 4; lastKnownFileType = sourcecode.cpp.cpp; path = math_ops.cpp; sourceTree = "<group>"; };
		CE239DE62207335C00986130 /* image.h */ = {isa = PBXFileReference; fileEncoding = 4; lastKnownFileType = sourcecode.c.h; path = image.h; sourceTree = "<group>"; };
		CE239DEA2207345000986130 /* skydome.h */ = {isa = PBXFileReference; fileEncoding = 4; lastKnownFileType = sourcecode.c.h; path = skydome.h; sourceTree = "<group>"; };
		CE239DEB2207345100986130 /* skydome.cpp */ = {isa = PBXFileReference; fileEncoding = 4; lastKnownFileType = sourcecode.cpp.cpp; path = skydome.cpp; sourceTree = "<group>"; };
		CE239E182208B79400986130 /* resource.h */ = {isa = PBXFileReference; fileEncoding = 4; lastKnownFileType = sourcecode.c.h; path = resource.h; sourceTree = "<group>"; };
		CE239E192208B79400986130 /* particle.h */ = {isa = PBXFileReference; fileEncoding = 4; lastKnownFileType = sourcecode.c.h; path = particle.h; sourceTree = "<group>"; };
		CE239E1A2208B79400986130 /* particle.cpp */ = {isa = PBXFileReference; fileEncoding = 4; lastKnownFileType = sourcecode.cpp.cpp; path = particle.cpp; sourceTree = "<group>"; };
		CE239E1C2208C40D00986130 /* main.cpp */ = {isa = PBXFileReference; lastKnownFileType = sourcecode.cpp.cpp; path = main.cpp; sourceTree = "<group>"; };
		CEB99E4F21F133D0008AF8CB /* terrainGenerator */ = {isa = PBXFileReference; explicitFileType = "compiled.mach-o.executable"; includeInIndex = 0; path = terrainGenerator; sourceTree = BUILT_PRODUCTS_DIR; };
		CEB99E5A21F14F37008AF8CB /* GLUT.framework */ = {isa = PBXFileReference; lastKnownFileType = wrapper.framework; name = GLUT.framework; path = System/Library/Frameworks/GLUT.framework; sourceTree = SDKROOT; };
		CEB99E5C21F14F3D008AF8CB /* OpenGL.framework */ = {isa = PBXFileReference; lastKnownFileType = wrapper.framework; name = OpenGL.framework; path = System/Library/Frameworks/OpenGL.framework; sourceTree = SDKROOT; };
		CEB99E6C21F3A38A008AF8CB /* terrain.h */ = {isa = PBXFileReference; fileEncoding = 4; lastKnownFileType = sourcecode.c.h; path = terrain.h; sourceTree = "<group>"; };
		CEB99E6D21F3A38B008AF8CB /* terrain.cpp */ = {isa = PBXFileReference; fileEncoding = 4; lastKnownFileType = sourcecode.cpp.cpp; path = terrain.cpp; sourceTree = "<group>"; };
		CEB99E6E21F3A38B008AF8CB /* brute_force.cpp */ = {isa = PBXFileReference; fileEncoding = 4; lastKnownFileType = sourcecode.cpp.cpp; path = brute_force.cpp; sourceTree = "<group>"; };
		CEB99E6F21F3A38B008AF8CB /* brute_force.h */ = {isa = PBXFileReference; fileEncoding = 4; lastKnownFileType = sourcecode.c.h; path = brute_force.h; sourceTree = "<group>"; };
		CEB99E7221F3AD67008AF8CB /* height128.raw */ = {isa = PBXFileReference; fileEncoding = 4; lastKnownFileType = text; path = height128.raw; sourceTree = "<group>"; };
		CEB99E7321F4E185008AF8CB /* data */ = {isa = PBXFileReference; lastKnownFileType = folder; path = data; sourceTree = "<group>"; };
/* End PBXFileReference section */

/* Begin PBXFrameworksBuildPhase section */
		CEB99E4C21F133D0008AF8CB /* Frameworks */ = {
			isa = PBXFrameworksBuildPhase;
			buildActionMask = 2147483647;
			files = (
				CEB99E5D21F14F3E008AF8CB /* OpenGL.framework in Frameworks */,
				CEB99E5B21F14F37008AF8CB /* GLUT.framework in Frameworks */,
			);
			runOnlyForDeploymentPostprocessing = 0;
		};
/* End PBXFrameworksBuildPhase section */

/* Begin PBXGroup section */
		CE239DE02207331900986130 /* util */ = {
			isa = PBXGroup;
			children = (
				CE239DE12207335B00986130 /* camera.cpp */,
				CE239DE22207335C00986130 /* camera.h */,
				CE239E182208B79400986130 /* resource.h */,
				CE239DE32207335C00986130 /* image.cpp */,
				CE239DE62207335C00986130 /* image.h */,
				CE239DE52207335C00986130 /* math_ops.cpp */,
				CE239DE42207335C00986130 /* math_ops.h */,
			);
			path = util;
			sourceTree = "<group>";
		};
		CEB99E4621F133D0008AF8CB = {
			isa = PBXGroup;
			children = (
				CEB99E5121F133D0008AF8CB /* terrainGenerator */,
				CEB99E5021F133D0008AF8CB /* Products */,
				CEB99E5921F14F37008AF8CB /* Frameworks */,
			);
			sourceTree = "<group>";
		};
		CEB99E5021F133D0008AF8CB /* Products */ = {
			isa = PBXGroup;
			children = (
				CEB99E4F21F133D0008AF8CB /* terrainGenerator */,
			);
			name = Products;
			sourceTree = "<group>";
		};
		CEB99E5121F133D0008AF8CB /* terrainGenerator */ = {
			isa = PBXGroup;
			children = (
				CE239DE02207331900986130 /* util */,
				CEB99E7321F4E185008AF8CB /* data */,
				CE239E1C2208C40D00986130 /* main.cpp */,
				CE239E1A2208B79400986130 /* particle.cpp */,
				CE239E192208B79400986130 /* particle.h */,
				CE239DEB2207345100986130 /* skydome.cpp */,
				CE239DEA2207345000986130 /* skydome.h */,
				CE239DD82207263E00986130 /* skybox.cpp */,
				CE239DD92207263F00986130 /* skybox.h */,
				CE239DD522071BF200986130 /* water.cpp */,
				CE239DD622071BF200986130 /* water.h */,
				CE239DCE2206778D00986130 /* ROAM.cpp */,
				CE239DD12206936D00986130 /* ROAM.h */,
				CE1C9DFD22052DF0001BC29D /* quadtree.cpp */,
				CE1C9DFE22052DF0001BC29D /* quadtree.h */,
				CEB99E6E21F3A38B008AF8CB /* brute_force.cpp */,
				CEB99E6F21F3A38B008AF8CB /* brute_force.h */,
				CEB99E7221F3AD67008AF8CB /* height128.raw */,
				CEB99E6D21F3A38B008AF8CB /* terrain.cpp */,
				CEB99E6C21F3A38A008AF8CB /* terrain.h */,
			);
			path = terrainGenerator;
			sourceTree = "<group>";
		};
		CEB99E5921F14F37008AF8CB /* Frameworks */ = {
			isa = PBXGroup;
			children = (
				CEB99E5C21F14F3D008AF8CB /* OpenGL.framework */,
				CEB99E5A21F14F37008AF8CB /* GLUT.framework */,
			);
			name = Frameworks;
			sourceTree = "<group>";
		};
/* End PBXGroup section */

/* Begin PBXNativeTarget section */
		CEB99E4E21F133D0008AF8CB /* terrainGenerator */ = {
			isa = PBXNativeTarget;
			buildConfigurationList = CEB99E5621F133D0008AF8CB /* Build configuration list for PBXNativeTarget "terrainGenerator" */;
			buildPhases = (
				CEB99E4B21F133D0008AF8CB /* Sources */,
				CEB99E4C21F133D0008AF8CB /* Frameworks */,
				CEB99E4D21F133D0008AF8CB /* CopyFiles */,
			);
			buildRules = (
			);
			dependencies = (
			);
			name = terrainGenerator;
			productName = terrainGenerator;
			productReference = CEB99E4F21F133D0008AF8CB /* terrainGenerator */;
			productType = "com.apple.product-type.tool";
		};
/* End PBXNativeTarget section */

/* Begin PBXProject section */
		CEB99E4721F133D0008AF8CB /* Project object */ = {
			isa = PBXProject;
			attributes = {
				LastUpgradeCheck = 1010;
				ORGANIZATIONNAME = mickael;
				TargetAttributes = {
					CEB99E4E21F133D0008AF8CB = {
						CreatedOnToolsVersion = 10.1;
					};
				};
			};
			buildConfigurationList = CEB99E4A21F133D0008AF8CB /* Build configuration list for PBXProject "terrainGenerator" */;
			compatibilityVersion = "Xcode 9.3";
			developmentRegion = en;
			hasScannedForEncodings = 0;
			knownRegions = (
				en,
			);
			mainGroup = CEB99E4621F133D0008AF8CB;
			productRefGroup = CEB99E5021F133D0008AF8CB /* Products */;
			projectDirPath = "";
			projectRoot = "";
			targets = (
				CEB99E4E21F133D0008AF8CB /* terrainGenerator */,
			);
		};
/* End PBXProject section */

/* Begin PBXSourcesBuildPhase section */
		CEB99E4B21F133D0008AF8CB /* Sources */ = {
			isa = PBXSourcesBuildPhase;
			buildActionMask = 2147483647;
			files = (
				CE239DEC2207345100986130 /* skydome.cpp in Sources */,
				CE1C9DFF22052DF1001BC29D /* quadtree.cpp in Sources */,
				CE239E1D2208C40D00986130 /* main.cpp in Sources */,
				CEB99E7021F3A38B008AF8CB /* terrain.cpp in Sources */,
				CE239DDA2207263F00986130 /* skybox.cpp in Sources */,
				CE239E1B2208B79500986130 /* particle.cpp in Sources */,
				CE239DE72207335C00986130 /* camera.cpp in Sources */,
				CE239DD02206778D00986130 /* ROAM.cpp in Sources */,
				CEB99E7121F3A38B008AF8CB /* brute_force.cpp in Sources */,
				CE239DE82207335C00986130 /* image.cpp in Sources */,
				CE239DE92207335C00986130 /* math_ops.cpp in Sources */,
				CE239DD722071BF200986130 /* water.cpp in Sources */,
			);
			runOnlyForDeploymentPostprocessing = 0;
		};
/* End PBXSourcesBuildPhase section */

/* Begin XCBuildConfiguration section */
		CEB99E5421F133D0008AF8CB /* Debug */ = {
			isa = XCBuildConfiguration;
			buildSettings = {
				ALWAYS_SEARCH_USER_PATHS = NO;
				CLANG_ANALYZER_NONNULL = YES;
				CLANG_ANALYZER_NUMBER_OBJECT_CONVERSION = YES_AGGRESSIVE;
				CLANG_CXX_LANGUAGE_STANDARD = "gnu++14";
				CLANG_CXX_LIBRARY = "libc++";
				CLANG_ENABLE_MODULES = YES;
				CLANG_ENABLE_OBJC_ARC = YES;
				CLANG_ENABLE_OBJC_WEAK = YES;
				CLANG_WARN_BLOCK_CAPTURE_AUTORELEASING = YES;
				CLANG_WARN_BOOL_CONVERSION = YES;
				CLANG_WARN_COMMA = YES;
				CLANG_WARN_CONSTANT_CONVERSION = YES;
				CLANG_WARN_DEPRECATED_OBJC_IMPLEMENTATIONS = YES;
				CLANG_WARN_DIRECT_OBJC_ISA_USAGE = YES_ERROR;
				CLANG_WARN_DOCUMENTATION_COMMENTS = YES;
				CLANG_WARN_EMPTY_BODY = YES;
				CLANG_WARN_ENUM_CONVERSION = YES;
				CLANG_WARN_INFINITE_RECURSION = YES;
				CLANG_WARN_INT_CONVERSION = YES;
				CLANG_WARN_NON_LITERAL_NULL_CONVERSION = YES;
				CLANG_WARN_OBJC_IMPLICIT_RETAIN_SELF = YES;
				CLANG_WARN_OBJC_LITERAL_CONVERSION = YES;
				CLANG_WARN_OBJC_ROOT_CLASS = YES_ERROR;
				CLANG_WARN_RANGE_LOOP_ANALYSIS = YES;
				CLANG_WARN_STRICT_PROTOTYPES = YES;
				CLANG_WARN_SUSPICIOUS_MOVE = YES;
				CLANG_WARN_UNGUARDED_AVAILABILITY = YES_AGGRESSIVE;
				CLANG_WARN_UNREACHABLE_CODE = YES;
				CLANG_WARN__DUPLICATE_METHOD_MATCH = YES;
				CODE_SIGN_IDENTITY = "Mac Developer";
				COPY_PHASE_STRIP = NO;
				DEBUG_INFORMATION_FORMAT = dwarf;
				ENABLE_STRICT_OBJC_MSGSEND = YES;
				ENABLE_TESTABILITY = YES;
				GCC_C_LANGUAGE_STANDARD = gnu11;
				GCC_DYNAMIC_NO_PIC = NO;
				GCC_NO_COMMON_BLOCKS = YES;
				GCC_OPTIMIZATION_LEVEL = 0;
				GCC_PREPROCESSOR_DEFINITIONS = (
					"DEBUG=1",
					"$(inherited)",
				);
				GCC_WARN_64_TO_32_BIT_CONVERSION = YES;
				GCC_WARN_ABOUT_RETURN_TYPE = YES_ERROR;
				GCC_WARN_UNDECLARED_SELECTOR = YES;
				GCC_WARN_UNINITIALIZED_AUTOS = YES_AGGRESSIVE;
				GCC_WARN_UNUSED_FUNCTION = YES;
				GCC_WARN_UNUSED_VARIABLE = YES;
				MACOSX_DEPLOYMENT_TARGET = 10.14;
				MTL_ENABLE_DEBUG_INFO = INCLUDE_SOURCE;
				MTL_FAST_MATH = YES;
				ONLY_ACTIVE_ARCH = YES;
				SDKROOT = macosx;
			};
			name = Debug;
		};
		CEB99E5521F133D0008AF8CB /* Release */ = {
			isa = XCBuildConfiguration;
			buildSettings = {
				ALWAYS_SEARCH_USER_PATHS = NO;
				CLANG_ANALYZER_NONNULL = YES;
				CLANG_ANALYZER_NUMBER_OBJECT_CONVERSION = YES_AGGRESSIVE;
				CLANG_CXX_LANGUAGE_STANDARD = "gnu++14";
				CLANG_CXX_LIBRARY = "libc++";
				CLANG_ENABLE_MODULES = YES;
				CLANG_ENABLE_OBJC_ARC = YES;
				CLANG_ENABLE_OBJC_WEAK = YES;
				CLANG_WARN_BLOCK_CAPTURE_AUTORELEASING = YES;
				CLANG_WARN_BOOL_CONVERSION = YES;
				CLANG_WARN_COMMA = YES;
				CLANG_WARN_CONSTANT_CONVERSION = YES;
				CLANG_WARN_DEPRECATED_OBJC_IMPLEMENTATIONS = YES;
				CLANG_WARN_DIRECT_OBJC_ISA_USAGE = YES_ERROR;
				CLANG_WARN_DOCUMENTATION_COMMENTS = YES;
				CLANG_WARN_EMPTY_BODY = YES;
				CLANG_WARN_ENUM_CONVERSION = YES;
				CLANG_WARN_INFINITE_RECURSION = YES;
				CLANG_WARN_INT_CONVERSION = YES;
				CLANG_WARN_NON_LITERAL_NULL_CONVERSION = YES;
				CLANG_WARN_OBJC_IMPLICIT_RETAIN_SELF = YES;
				CLANG_WARN_OBJC_LITERAL_CONVERSION = YES;
				CLANG_WARN_OBJC_ROOT_CLASS = YES_ERROR;
				CLANG_WARN_RANGE_LOOP_ANALYSIS = YES;
				CLANG_WARN_STRICT_PROTOTYPES = YES;
				CLANG_WARN_SUSPICIOUS_MOVE = YES;
				CLANG_WARN_UNGUARDED_AVAILABILITY = YES_AGGRESSIVE;
				CLANG_WARN_UNREACHABLE_CODE = YES;
				CLANG_WARN__DUPLICATE_METHOD_MATCH = YES;
				CODE_SIGN_IDENTITY = "Mac Developer";
				COPY_PHASE_STRIP = NO;
				DEBUG_INFORMATION_FORMAT = "dwarf-with-dsym";
				ENABLE_NS_ASSERTIONS = NO;
				ENABLE_STRICT_OBJC_MSGSEND = YES;
				GCC_C_LANGUAGE_STANDARD = gnu11;
				GCC_NO_COMMON_BLOCKS = YES;
				GCC_WARN_64_TO_32_BIT_CONVERSION = YES;
				GCC_WARN_ABOUT_RETURN_TYPE = YES_ERROR;
				GCC_WARN_UNDECLARED_SELECTOR = YES;
				GCC_WARN_UNINITIALIZED_AUTOS = YES_AGGRESSIVE;
				GCC_WARN_UNUSED_FUNCTION = YES;
				GCC_WARN_UNUSED_VARIABLE = YES;
				MACOSX_DEPLOYMENT_TARGET = 10.14;
				MTL_ENABLE_DEBUG_INFO = NO;
				MTL_FAST_MATH = YES;
				SDKROOT = macosx;
			};
			name = Release;
		};
		CEB99E5721F133D0008AF8CB /* Debug */ = {
			isa = XCBuildConfiguration;
			buildSettings = {
				ALWAYS_SEARCH_USER_PATHS = NO;
				CODE_SIGN_STYLE = Automatic;
				DEVELOPMENT_TEAM = Y86D2CJ9J2;
				GCC_WARN_ABOUT_DEPRECATED_FUNCTIONS = NO;
				HEADER_SEARCH_PATHS = "";
				LIBRARY_SEARCH_PATHS = "";
				PRODUCT_NAME = "$(TARGET_NAME)";
			};
			name = Debug;
		};
		CEB99E5821F133D0008AF8CB /* Release */ = {
			isa = XCBuildConfiguration;
			buildSettings = {
				ALWAYS_SEARCH_USER_PATHS = NO;
				CODE_SIGN_STYLE = Automatic;
				DEVELOPMENT_TEAM = Y86D2CJ9J2;
				GCC_WARN_ABOUT_DEPRECATED_FUNCTIONS = NO;
				HEADER_SEARCH_PATHS = "";
				LIBRARY_SEARCH_PATHS = "";
				PRODUCT_NAME = "$(TARGET_NAME)";
			};
			name = Release;
		};
/* End XCBuildConfiguration section */

/* Begin XCConfigurationList section */
		CEB99E4A21F133D0008AF8CB /* Build configuration list for PBXProject "terrainGenerator" */ = {
			isa = XCConfigurationList;
			buildConfigurations = (
				CEB99E5421F133D0008AF8CB /* Debug */,
				CEB99E5521F133D0008AF8CB /* Release */,
			);
			defaultConfigurationIsVisible = 0;
			defaultConfigurationName = Release;
		};
		CEB99E5621F133D0008AF8CB /* Build configuration list for PBXNativeTarget "terrainGenerator" */ = {
			isa = XCConfigurationList;
			buildConfigurations = (
				CEB99E5721F133D0008AF8CB /* Debug */,
				CEB99E5821F133D0008AF8CB /* Release */,
			);
			defaultConfigurationIsVisible = 0;
			defaultConfigurationName = Release;
		};
/* End XCConfigurationList section */
	};
	rootObject = CEB99E4721F133D0008AF8CB /* Project object */;
}
